// !$*UTF8*$!
{
	archiveVersion = 1;
	classes = {
	};
	objectVersion = 77;
	objects = {

/* Begin PBXBuildFile section */
		24B1CA0030486B0000592BFF /* PartyNet in Frameworks */ = {isa = PBXBuildFile; productRef = 24B1CA0330486B0000592BFF /* PartyNet */; };
		24B1CA0130486B0000592BFF /* PartyNet in Frameworks */ = {isa = PBXBuildFile; productRef = 24B1CA0430486B0000592BFF /* PartyNet */; };
/* End PBXBuildFile section */

/* Begin PBXContainerItemProxy section */
		24B1C9B830486A7900592BFF /* PBXContainerItemProxy */ = {
			isa = PBXContainerItemProxy;
			containerPortal = 24B1C9A230486A7700592BFF /* Project object */;
			proxyType = 1;
			remoteGlobalIDString = 24B1C9A930486A7700592BFF;
			remoteInfo = PartyBox;
		};
		24B1C9C230486A7900592BFF /* PBXContainerItemProxy */ = {
			isa = PBXContainerItemProxy;
			containerPortal = 24B1C9A230486A7700592BFF /* Project object */;
			proxyType = 1;
			remoteGlobalIDString = 24B1C9A930486A7700592BFF;
			remoteInfo = PartyBox;
		};
		24B1C9E530486AB900592BFF /* PBXContainerItemProxy */ = {
			isa = PBXContainerItemProxy;
			containerPortal = 24B1C9A230486A7700592BFF /* Project object */;
			proxyType = 1;
			remoteGlobalIDString = 24B1C9D730486AB100592BFF;
			remoteInfo = "PartyBox Controller";
		};
		24B1C9EF30486ABA00592BFF /* PBXContainerItemProxy */ = {
			isa = PBXContainerItemProxy;
			containerPortal = 24B1C9A230486A7700592BFF /* Project object */;
			proxyType = 1;
			remoteGlobalIDString = 24B1C9D730486AB100592BFF;
			remoteInfo = "PartyBox Controller";
		};
/* End PBXContainerItemProxy section */

/* Begin PBXFileReference section */
		24B1C9AA30486A7700592BFF /* PartyBox.app */ = {isa = PBXFileReference; explicitFileType = wrapper.application; includeInIndex = 0; path = PartyBox.app; sourceTree = BUILT_PRODUCTS_DIR; };
		24B1C9B730486A7900592BFF /* PartyBoxTests.xctest */ = {isa = PBXFileReference; explicitFileType = wrapper.cfbundle; includeInIndex = 0; path = PartyBoxTests.xctest; sourceTree = BUILT_PRODUCTS_DIR; };
		24B1C9C130486A7900592BFF /* PartyBoxUITests.xctest */ = {isa = PBXFileReference; explicitFileType = wrapper.cfbundle; includeInIndex = 0; path = PartyBoxUITests.xctest; sourceTree = BUILT_PRODUCTS_DIR; };
		24B1C9D830486AB100592BFF /* PartyBox Controller.app */ = {isa = PBXFileReference; explicitFileType = wrapper.application; includeInIndex = 0; path = "PartyBox Controller.app"; sourceTree = BUILT_PRODUCTS_DIR; };
		24B1C9E430486AB900592BFF /* PartyBox ControllerTests.xctest */ = {isa = PBXFileReference; explicitFileType = wrapper.cfbundle; includeInIndex = 0; path = "PartyBox ControllerTests.xctest"; sourceTree = BUILT_PRODUCTS_DIR; };
		24B1C9EE30486ABA00592BFF /* PartyBox ControllerUITests.xctest */ = {isa = PBXFileReference; explicitFileType = wrapper.cfbundle; includeInIndex = 0; path = "PartyBox ControllerUITests.xctest"; sourceTree = BUILT_PRODUCTS_DIR; };
/* End PBXFileReference section */

/* Begin PBXFileSystemSynchronizedRootGroup section */
		24B1C9AC30486A7700592BFF /* PartyBox */ = {
			isa = PBXFileSystemSynchronizedRootGroup;
			path = PartyBox;
			sourceTree = "<group>";
		};
		24B1C9BA30486A7900592BFF /* PartyBoxTests */ = {
			isa = PBXFileSystemSynchronizedRootGroup;
			path = PartyBoxTests;
			sourceTree = "<group>";
		};
		24B1C9C430486A7900592BFF /* PartyBoxUITests */ = {
			isa = PBXFileSystemSynchronizedRootGroup;
			path = PartyBoxUITests;
			sourceTree = "<group>";
		};
		24B1C9D930486AB200592BFF /* PartyBox Controller */ = {
			isa = PBXFileSystemSynchronizedRootGroup;
			path = "PartyBox Controller";
			sourceTree = "<group>";
		};
		24B1C9E730486AB900592BFF /* PartyBox ControllerTests */ = {
			isa = PBXFileSystemSynchronizedRootGroup;
			path = "PartyBox ControllerTests";
			sourceTree = "<group>";
		};
		24B1C9F130486ABA00592BFF /* PartyBox ControllerUITests */ = {
			isa = PBXFileSystemSynchronizedRootGroup;
			path = "PartyBox ControllerUITests";
			sourceTree = "<group>";
		};
/* End PBXFileSystemSynchronizedRootGroup section */

/* Begin PBXFrameworksBuildPhase section */
		24B1C9A730486A7700592BFF /* Frameworks */ = {
			isa = PBXFrameworksBuildPhase;
			buildActionMask = 2147483647;
			files = (
				24B1CA0030486B0000592BFF /* PartyNet in Frameworks */,
			);
			runOnlyForDeploymentPostprocessing = 0;
		};
		24B1C9B430486A7900592BFF /* Frameworks */ = {
			isa = PBXFrameworksBuildPhase;
			buildActionMask = 2147483647;
			files = (
			);
			runOnlyForDeploymentPostprocessing = 0;
		};
		24B1C9BE30486A7900592BFF /* Frameworks */ = {
			isa = PBXFrameworksBuildPhase;
			buildActionMask = 2147483647;
			files = (
			);
			runOnlyForDeploymentPostprocessing = 0;
		};
		24B1C9D530486AB100592BFF /* Frameworks */ = {
			isa = PBXFrameworksBuildPhase;
			buildActionMask = 2147483647;
			files = (
				24B1CA0130486B0000592BFF /* PartyNet in Frameworks */,
			);
			runOnlyForDeploymentPostprocessing = 0;
		};
		24B1C9E130486AB900592BFF /* Frameworks */ = {
			isa = PBXFrameworksBuildPhase;
			buildActionMask = 2147483647;
			files = (
			);
			runOnlyForDeploymentPostprocessing = 0;
		};
		24B1C9EB30486ABA00592BFF /* Frameworks */ = {
			isa = PBXFrameworksBuildPhase;
			buildActionMask = 2147483647;
			files = (
			);
			runOnlyForDeploymentPostprocessing = 0;
		};
/* End PBXFrameworksBuildPhase section */

/* Begin PBXGroup section */
		24B1C9A130486A7700592BFF = {
			isa = PBXGroup;
			children = (
				24B1C9AC30486A7700592BFF /* PartyBox */,
				24B1C9BA30486A7900592BFF /* PartyBoxTests */,
				24B1C9C430486A7900592BFF /* PartyBoxUITests */,
				24B1C9D930486AB200592BFF /* PartyBox Controller */,
				24B1C9E730486AB900592BFF /* PartyBox ControllerTests */,
				24B1C9F130486ABA00592BFF /* PartyBox ControllerUITests */,
				24B1C9AB30486A7700592BFF /* Products */,
			);
			sourceTree = "<group>";
		};
		24B1C9AB30486A7700592BFF /* Products */ = {
			isa = PBXGroup;
			children = (
				24B1C9AA30486A7700592BFF /* PartyBox.app */,
				24B1C9B730486A7900592BFF /* PartyBoxTests.xctest */,
				24B1C9C130486A7900592BFF /* PartyBoxUITests.xctest */,
				24B1C9D830486AB100592BFF /* PartyBox Controller.app */,
				24B1C9E430486AB900592BFF /* PartyBox ControllerTests.xctest */,
				24B1C9EE30486ABA00592BFF /* PartyBox ControllerUITests.xctest */,
			);
			name = Products;
			sourceTree = "<group>";
		};
/* End PBXGroup section */

/* Begin PBXNativeTarget section */
		24B1C9A930486A7700592BFF /* PartyBox */ = {
			isa = PBXNativeTarget;
			buildConfigurationList = 24B1C9CB30486A7900592BFF /* Build configuration list for PBXNativeTarget "PartyBox" */;
			buildPhases = (
				24B1C9A630486A7700592BFF /* Sources */,
				24B1C9A730486A7700592BFF /* Frameworks */,
				24B1C9A830486A7700592BFF /* Resources */,
			);
			buildRules = (
			);
			dependencies = (
			);
			fileSystemSynchronizedGroups = (
				24B1C9AC30486A7700592BFF /* PartyBox */,
			);
			name = PartyBox;
			packageProductDependencies = (
				24B1CA0330486B0000592BFF /* PartyNet */,
			);
			productName = PartyBox;
			productReference = 24B1C9AA30486A7700592BFF /* PartyBox.app */;
			productType = "com.apple.product-type.application";
		};
		24B1C9B630486A7900592BFF /* PartyBoxTests */ = {
			isa = PBXNativeTarget;
			buildConfigurationList = 24B1C9CE30486A7900592BFF /* Build configuration list for PBXNativeTarget "PartyBoxTests" */;
			buildPhases = (
				24B1C9B330486A7900592BFF /* Sources */,
				24B1C9B430486A7900592BFF /* Frameworks */,
				24B1C9B530486A7900592BFF /* Resources */,
			);
			buildRules = (
			);
			dependencies = (
				24B1C9B930486A7900592BFF /* PBXTargetDependency */,
			);
			fileSystemSynchronizedGroups = (
				24B1C9BA30486A7900592BFF /* PartyBoxTests */,
			);
			name = PartyBoxTests;
			packageProductDependencies = (
			);
			productName = PartyBoxTests;
			productReference = 24B1C9B730486A7900592BFF /* PartyBoxTests.xctest */;
			productType = "com.apple.product-type.bundle.unit-test";
		};
		24B1C9C030486A7900592BFF /* PartyBoxUITests */ = {
			isa = PBXNativeTarget;
			buildConfigurationList = 24B1C9D130486A7900592BFF /* Build configuration list for PBXNativeTarget "PartyBoxUITests" */;
			buildPhases = (
				24B1C9BD30486A7900592BFF /* Sources */,
				24B1C9BE30486A7900592BFF /* Frameworks */,
				24B1C9BF30486A7900592BFF /* Resources */,
			);
			buildRules = (
			);
			dependencies = (
				24B1C9C330486A7900592BFF /* PBXTargetDependency */,
			);
			fileSystemSynchronizedGroups = (
				24B1C9C430486A7900592BFF /* PartyBoxUITests */,
			);
			name = PartyBoxUITests;
			packageProductDependencies = (
			);
			productName = PartyBoxUITests;
			productReference = 24B1C9C130486A7900592BFF /* PartyBoxUITests.xctest */;
			productType = "com.apple.product-type.bundle.ui-testing";
		};
		24B1C9D730486AB100592BFF /* PartyBox Controller */ = {
			isa = PBXNativeTarget;
			buildConfigurationList = 24B1C9F630486ABA00592BFF /* Build configuration list for PBXNativeTarget "PartyBox Controller" */;
			buildPhases = (
				24B1C9D430486AB100592BFF /* Sources */,
				24B1C9D530486AB100592BFF /* Frameworks */,
				24B1C9D630486AB100592BFF /* Resources */,
			);
			buildRules = (
			);
			dependencies = (
			);
			fileSystemSynchronizedGroups = (
				24B1C9D930486AB200592BFF /* PartyBox Controller */,
			);
			name = "PartyBox Controller";
			packageProductDependencies = (
				24B1CA0430486B0000592BFF /* PartyNet */,
			);
			productName = "PartyBox Controller";
			productReference = 24B1C9D830486AB100592BFF /* PartyBox Controller.app */;
			productType = "com.apple.product-type.application";
		};
		24B1C9E330486AB900592BFF /* PartyBox ControllerTests */ = {
			isa = PBXNativeTarget;
			buildConfigurationList = 24B1C9F930486ABA00592BFF /* Build configuration list for PBXNativeTarget "PartyBox ControllerTests" */;
			buildPhases = (
				24B1C9E030486AB900592BFF /* Sources */,
				24B1C9E130486AB900592BFF /* Frameworks */,
				24B1C9E230486AB900592BFF /* Resources */,
			);
			buildRules = (
			);
			dependencies = (
				24B1C9E630486AB900592BFF /* PBXTargetDependency */,
			);
			fileSystemSynchronizedGroups = (
				24B1C9E730486AB900592BFF /* PartyBox ControllerTests */,
			);
			name = "PartyBox ControllerTests";
			packageProductDependencies = (
			);
			productName = "PartyBox ControllerTests";
			productReference = 24B1C9E430486AB900592BFF /* PartyBox ControllerTests.xctest */;
			productType = "com.apple.product-type.bundle.unit-test";
		};
		24B1C9ED30486ABA00592BFF /* PartyBox ControllerUITests */ = {
			isa = PBXNativeTarget;
			buildConfigurationList = 24B1C9FC30486ABA00592BFF /* Build configuration list for PBXNativeTarget "PartyBox ControllerUITests" */;
			buildPhases = (
				24B1C9EA30486ABA00592BFF /* Sources */,
				24B1C9EB30486ABA00592BFF /* Frameworks */,
				24B1C9EC30486ABA00592BFF /* Resources */,
			);
			buildRules = (
			);
			dependencies = (
				24B1C9F030486ABA00592BFF /* PBXTargetDependency */,
			);
			fileSystemSynchronizedGroups = (
				24B1C9F130486ABA00592BFF /* PartyBox ControllerUITests */,
			);
			name = "PartyBox ControllerUITests";
			packageProductDependencies = (
			);
			productName = "PartyBox ControllerUITests";
			productReference = 24B1C9EE30486ABA00592BFF /* PartyBox ControllerUITests.xctest */;
			productType = "com.apple.product-type.bundle.ui-testing";
		};
/* End PBXNativeTarget section */

/* Begin PBXProject section */
		24B1C9A230486A7700592BFF /* Project object */ = {
			isa = PBXProject;
			attributes = {
				BuildIndependentTargetsInParallel = 1;
				LastSwiftUpdateCheck = 2630;
				LastUpgradeCheck = 2630;
				TargetAttributes = {
					24B1C9A930486A7700592BFF = {
						CreatedOnToolsVersion = 26.3;
					};
					24B1C9B630486A7900592BFF = {
						CreatedOnToolsVersion = 26.3;
						TestTargetID = 24B1C9A930486A7700592BFF;
					};
					24B1C9C030486A7900592BFF = {
						CreatedOnToolsVersion = 26.3;
						TestTargetID = 24B1C9A930486A7700592BFF;
					};
					24B1C9D730486AB100592BFF = {
						CreatedOnToolsVersion = 26.3;
					};
					24B1C9E330486AB900592BFF = {
						CreatedOnToolsVersion = 26.3;
						TestTargetID = 24B1C9D730486AB100592BFF;
					};
					24B1C9ED30486ABA00592BFF = {
						CreatedOnToolsVersion = 26.3;
						TestTargetID = 24B1C9D730486AB100592BFF;
					};
				};
			};
			buildConfigurationList = 24B1C9A530486A7700592BFF /* Build configuration list for PBXProject "PartyBox" */;
			developmentRegion = en;
			hasScannedForEncodings = 0;
			knownRegions = (
				en,
				Base,
			);
			mainGroup = 24B1C9A130486A7700592BFF;
			minimizedProjectReferenceProxies = 1;
			packageReferences = (
				24B1CA0230486B0000592BFF /* XCLocalSwiftPackageReference "PartyNet" */,
			);
			preferredProjectObjectVersion = 77;
			productRefGroup = 24B1C9AB30486A7700592BFF /* Products */;
			projectDirPath = "";
			projectRoot = "";
			targets = (
				24B1C9A930486A7700592BFF /* PartyBox */,
				24B1C9B630486A7900592BFF /* PartyBoxTests */,
				24B1C9C030486A7900592BFF /* PartyBoxUITests */,
				24B1C9D730486AB100592BFF /* PartyBox Controller */,
				24B1C9E330486AB900592BFF /* PartyBox ControllerTests */,
				24B1C9ED30486ABA00592BFF /* PartyBox ControllerUITests */,
			);
		};
/* End PBXProject section */

/* Begin PBXResourcesBuildPhase section */
		24B1C9A830486A7700592BFF /* Resources */ = {
			isa = PBXResourcesBuildPhase;
			buildActionMask = 2147483647;
			files = (
			);
			runOnlyForDeploymentPostprocessing = 0;
		};
		24B1C9B530486A7900592BFF /* Resources */ = {
			isa = PBXResourcesBuildPhase;
			buildActionMask = 2147483647;
			files = (
			);
			runOnlyForDeploymentPostprocessing = 0;
		};
		24B1C9BF30486A7900592BFF /* Resources */ = {
			isa = PBXResourcesBuildPhase;
			buildActionMask = 2147483647;
			files = (
			);
			runOnlyForDeploymentPostprocessing = 0;
		};
		24B1C9D630486AB100592BFF /* Resources */ = {
			isa = PBXResourcesBuildPhase;
			buildActionMask = 2147483647;
			files = (
			);
			runOnlyForDeploymentPostprocessing = 0;
		};
		24B1C9E230486AB900592BFF /* Resources */ = {
			isa = PBXResourcesBuildPhase;
			buildActionMask = 2147483647;
			files = (
			);
			runOnlyForDeploymentPostprocessing = 0;
		};
		24B1C9EC30486ABA00592BFF /* Resources */ = {
			isa = PBXResourcesBuildPhase;
			buildActionMask = 2147483647;
			files = (
			);
			runOnlyForDeploymentPostprocessing = 0;
		};
/* End PBXResourcesBuildPhase section */

/* Begin PBXSourcesBuildPhase section */
		24B1C9A630486A7700592BFF /* Sources */ = {
			isa = PBXSourcesBuildPhase;
			buildActionMask = 2147483647;
			files = (
			);
			runOnlyForDeploymentPostprocessing = 0;
		};
		24B1C9B330486A7900592BFF /* Sources */ = {
			isa = PBXSourcesBuildPhase;
			buildActionMask = 2147483647;
			files = (
			);
			runOnlyForDeploymentPostprocessing = 0;
		};
		24B1C9BD30486A7900592BFF /* Sources */ = {
			isa = PBXSourcesBuildPhase;
			buildActionMask = 2147483647;
			files = (
			);
			runOnlyForDeploymentPostprocessing = 0;
		};
		24B1C9D430486AB100592BFF /* Sources */ = {
			isa = PBXSourcesBuildPhase;
			buildActionMask = 2147483647;
			files = (
			);
			runOnlyForDeploymentPostprocessing = 0;
		};
		24B1C9E030486AB900592BFF /* Sources */ = {
			isa = PBXSourcesBuildPhase;
			buildActionMask = 2147483647;
			files = (
			);
			runOnlyForDeploymentPostprocessing = 0;
		};
		24B1C9EA30486ABA00592BFF /* Sources */ = {
			isa = PBXSourcesBuildPhase;
			buildActionMask = 2147483647;
			files = (
			);
			runOnlyForDeploymentPostprocessing = 0;
		};
/* End PBXSourcesBuildPhase section */

/* Begin PBXTargetDependency section */
		24B1C9B930486A7900592BFF /* PBXTargetDependency */ = {
			isa = PBXTargetDependency;
			target = 24B1C9A930486A7700592BFF /* PartyBox */;
			targetProxy = 24B1C9B830486A7900592BFF /* PBXContainerItemProxy */;
		};
		24B1C9C330486A7900592BFF /* PBXTargetDependency */ = {
			isa = PBXTargetDependency;
			target = 24B1C9A930486A7700592BFF /* PartyBox */;
			targetProxy = 24B1C9C230486A7900592BFF /* PBXContainerItemProxy */;
		};
		24B1C9E630486AB900592BFF /* PBXTargetDependency */ = {
			isa = PBXTargetDependency;
			target = 24B1C9D730486AB100592BFF /* PartyBox Controller */;
			targetProxy = 24B1C9E530486AB900592BFF /* PBXContainerItemProxy */;
		};
		24B1C9F030486ABA00592BFF /* PBXTargetDependency */ = {
			isa = PBXTargetDependency;
			target = 24B1C9D730486AB100592BFF /* PartyBox Controller */;
			targetProxy = 24B1C9EF30486ABA00592BFF /* PBXContainerItemProxy */;
		};
/* End PBXTargetDependency section */

/* Begin XCBuildConfiguration section */
		24B1C9C930486A7900592BFF /* Debug */ = {
			isa = XCBuildConfiguration;
			buildSettings = {
				ALWAYS_SEARCH_USER_PATHS = NO;
				ASSETCATALOG_COMPILER_GENERATE_SWIFT_ASSET_SYMBOL_EXTENSIONS = YES;
				CLANG_ANALYZER_NONNULL = YES;
				CLANG_ANALYZER_NUMBER_OBJECT_CONVERSION = YES_AGGRESSIVE;
				CLANG_CXX_LANGUAGE_STANDARD = "gnu++20";
				CLANG_ENABLE_MODULES = YES;
				CLANG_ENABLE_OBJC_ARC = YES;
				CLANG_ENABLE_OBJC_WEAK = YES;
				CLANG_WARN_BLOCK_CAPTURE_AUTORELEASING = YES;
				CLANG_WARN_BOOL_CONVERSION = YES;
				CLANG_WARN_COMMA = YES;
				CLANG_WARN_CONSTANT_CONVERSION = YES;
				CLANG_WARN_DEPRECATED_OBJC_IMPLEMENTATIONS = YES;
				CLANG_WARN_DIRECT_OBJC_ISA_USAGE = YES_ERROR;
				CLANG_WARN_DOCUMENTATION_COMMENTS = YES;
				CLANG_WARN_EMPTY_BODY = YES;
				CLANG_WARN_ENUM_CONVERSION = YES;
				CLANG_WARN_INFINITE_RECURSION = YES;
				CLANG_WARN_INT_CONVERSION = YES;
				CLANG_WARN_NON_LITERAL_NULL_CONVERSION = YES;
				CLANG_WARN_OBJC_IMPLICIT_RETAIN_SELF = YES;
				CLANG_WARN_OBJC_LITERAL_CONVERSION = YES;
				CLANG_WARN_OBJC_ROOT_CLASS = YES_ERROR;
				CLANG_WARN_QUOTED_INCLUDE_IN_FRAMEWORK_HEADER = YES;
				CLANG_WARN_RANGE_LOOP_ANALYSIS = YES;
				CLANG_WARN_STRICT_PROTOTYPES = YES;
				CLANG_WARN_SUSPICIOUS_MOVE = YES;
				CLANG_WARN_UNGUARDED_AVAILABILITY = YES_AGGRESSIVE;
				CLANG_WARN_UNREACHABLE_CODE = YES;
				CLANG_WARN__DUPLICATE_METHOD_MATCH = YES;
				COPY_PHASE_STRIP = NO;
				DEBUG_INFORMATION_FORMAT = dwarf;
				ENABLE_STRICT_OBJC_MSGSEND = YES;
				ENABLE_TESTABILITY = YES;
				ENABLE_USER_SCRIPT_SANDBOXING = YES;
				GCC_C_LANGUAGE_STANDARD = gnu17;
				GCC_DYNAMIC_NO_PIC = NO;
				GCC_NO_COMMON_BLOCKS = YES;
				GCC_OPTIMIZATION_LEVEL = 0;
				GCC_PREPROCESSOR_DEFINITIONS = (
					"DEBUG=1",
					"$(inherited)",
				);
				GCC_WARN_64_TO_32_BIT_CONVERSION = YES;
				GCC_WARN_ABOUT_RETURN_TYPE = YES_ERROR;
				GCC_WARN_UNDECLARED_SELECTOR = YES;
				GCC_WARN_UNINITIALIZED_AUTOS = YES_AGGRESSIVE;
				GCC_WARN_UNUSED_FUNCTION = YES;
				GCC_WARN_UNUSED_VARIABLE = YES;
				LOCALIZATION_PREFERS_STRING_CATALOGS = YES;
				MTL_ENABLE_DEBUG_INFO = INCLUDE_SOURCE;
				MTL_FAST_MATH = YES;
				ONLY_ACTIVE_ARCH = YES;
				SDKROOT = appletvos;
				SWIFT_ACTIVE_COMPILATION_CONDITIONS = "DEBUG $(inherited)";
				SWIFT_OPTIMIZATION_LEVEL = "-Onone";
				TVOS_DEPLOYMENT_TARGET = 26.2;
			};
			name = Debug;
		};
		24B1C9CA30486A7900592BFF /* Release */ = {
			isa = XCBuildConfiguration;
			buildSettings = {
				ALWAYS_SEARCH_USER_PATHS = NO;
				ASSETCATALOG_COMPILER_GENERATE_SWIFT_ASSET_SYMBOL_EXTENSIONS = YES;
				CLANG_ANALYZER_NONNULL = YES;
				CLANG_ANALYZER_NUMBER_OBJECT_CONVERSION = YES_AGGRESSIVE;
				CLANG_CXX_LANGUAGE_STANDARD = "gnu++20";
				CLANG_ENABLE_MODULES = YES;
				CLANG_ENABLE_OBJC_ARC = YES;
				CLANG_ENABLE_OBJC_WEAK = YES;
				CLANG_WARN_BLOCK_CAPTURE_AUTORELEASING = YES;
				CLANG_WARN_BOOL_CONVERSION = YES;
				CLANG_WARN_COMMA = YES;
				CLANG_WARN_CONSTANT_CONVERSION = YES;
				CLANG_WARN_DEPRECATED_OBJC_IMPLEMENTATIONS = YES;
				CLANG_WARN_DIRECT_OBJC_ISA_USAGE = YES_ERROR;
				CLANG_WARN_DOCUMENTATION_COMMENTS = YES;
				CLANG_WARN_EMPTY_BODY = YES;
				CLANG_WARN_ENUM_CONVERSION = YES;
				CLANG_WARN_INFINITE_RECURSION = YES;
				CLANG_WARN_INT_CONVERSION = YES;
				CLANG_WARN_NON_LITERAL_NULL_CONVERSION = YES;
				CLANG_WARN_OBJC_IMPLICIT_RETAIN_SELF = YES;
				CLANG_WARN_OBJC_LITERAL_CONVERSION = YES;
				CLANG_WARN_OBJC_ROOT_CLASS = YES_ERROR;
				CLANG_WARN_QUOTED_INCLUDE_IN_FRAMEWORK_HEADER = YES;
				CLANG_WARN_RANGE_LOOP_ANALYSIS = YES;
				CLANG_WARN_STRICT_PROTOTYPES = YES;
				CLANG_WARN_SUSPICIOUS_MOVE = YES;
				CLANG_WARN_UNGUARDED_AVAILABILITY = YES_AGGRESSIVE;
				CLANG_WARN_UNREACHABLE_CODE = YES;
				CLANG_WARN__DUPLICATE_METHOD_MATCH = YES;
				COPY_PHASE_STRIP = NO;
				DEBUG_INFORMATION_FORMAT = "dwarf-with-dsym";
				ENABLE_NS_ASSERTIONS = NO;
				ENABLE_STRICT_OBJC_MSGSEND = YES;
				ENABLE_USER_SCRIPT_SANDBOXING = YES;
				GCC_C_LANGUAGE_STANDARD = gnu17;
				GCC_NO_COMMON_BLOCKS = YES;
				GCC_WARN_64_TO_32_BIT_CONVERSION = YES;
				GCC_WARN_ABOUT_RETURN_TYPE = YES_ERROR;
				GCC_WARN_UNDECLARED_SELECTOR = YES;
				GCC_WARN_UNINITIALIZED_AUTOS = YES_AGGRESSIVE;
				GCC_WARN_UNUSED_FUNCTION = YES;
				GCC_WARN_UNUSED_VARIABLE = YES;
				LOCALIZATION_PREFERS_STRING_CATALOGS = YES;
				MTL_ENABLE_DEBUG_INFO = NO;
				MTL_FAST_MATH = YES;
				SDKROOT = appletvos;
				SWIFT_COMPILATION_MODE = wholemodule;
				TVOS_DEPLOYMENT_TARGET = 26.2;
				VALIDATE_PRODUCT = YES;
			};
			name = Release;
		};
		24B1C9CC30486A7900592BFF /* Debug */ = {
			isa = XCBuildConfiguration;
			buildSettings = {
				ASSETCATALOG_COMPILER_APPICON_NAME = "App Icon & Top Shelf Image";
				ASSETCATALOG_COMPILER_GLOBAL_ACCENT_COLOR_NAME = AccentColor;
				CODE_SIGN_STYLE = Automatic;
				CURRENT_PROJECT_VERSION = 1;
				ENABLE_PREVIEWS = YES;
				"ASSETCATALOG_COMPILER_APPICON_NAME[sdk=macosx*]" = AppIcon;
				ENABLE_APP_SANDBOX = YES;
				"ENABLE_HARDENED_RUNTIME[sdk=macosx*]" = YES;
				"ENABLE_INCOMING_NETWORK_CONNECTIONS[sdk=macosx*]" = YES;
				"ENABLE_OUTGOING_NETWORK_CONNECTIONS[sdk=macosx*]" = YES;
				GENERATE_INFOPLIST_FILE = YES;
				INFOPLIST_FILE = "Config/PartyBox-Info.plist";
				"INFOPLIST_KEY_UILaunchScreen_Generation[sdk=appletvos*]" = YES;
				"INFOPLIST_KEY_UILaunchScreen_Generation[sdk=appletvsimulator*]" = YES;
				INFOPLIST_KEY_UIUserInterfaceStyle = Automatic;
				LD_RUNPATH_SEARCH_PATHS = (
					"$(inherited)",
					"@executable_path/Frameworks",
				);
				"LD_RUNPATH_SEARCH_PATHS[sdk=macosx*]" = (
					"$(inherited)",
					"@executable_path/../Frameworks",
				);
				MACOSX_DEPLOYMENT_TARGET = 26.0;
				MARKETING_VERSION = 1.0;
				PRODUCT_BUNDLE_IDENTIFIER = me.haroldmartin.PartyBox;
				PRODUCT_NAME = "$(TARGET_NAME)";
				STRING_CATALOG_GENERATE_SYMBOLS = YES;
				SWIFT_APPROACHABLE_CONCURRENCY = YES;
				SWIFT_DEFAULT_ACTOR_ISOLATION = MainActor;
				SWIFT_EMIT_LOC_STRINGS = YES;
				SWIFT_UPCOMING_FEATURE_MEMBER_IMPORT_VISIBILITY = YES;
				SWIFT_VERSION = 5.0;
				SDKROOT = auto;
				SUPPORTED_PLATFORMS = "appletvos appletvsimulator macosx";
				TARGETED_DEVICE_FAMILY = 3;
				TVOS_DEPLOYMENT_TARGET = 26.0;
			};
			name = Debug;
		};
		24B1C9CD30486A7900592BFF /* Release */ = {
			isa = XCBuildConfiguration;
			buildSettings = {
				ASSETCATALOG_COMPILER_APPICON_NAME = "App Icon & Top Shelf Image";
				ASSETCATALOG_COMPILER_GLOBAL_ACCENT_COLOR_NAME = AccentColor;
				CODE_SIGN_STYLE = Automatic;
				CURRENT_PROJECT_VERSION = 1;
				ENABLE_PREVIEWS = YES;
				"ASSETCATALOG_COMPILER_APPICON_NAME[sdk=macosx*]" = AppIcon;
				ENABLE_APP_SANDBOX = YES;
				"ENABLE_HARDENED_RUNTIME[sdk=macosx*]" = YES;
				"ENABLE_INCOMING_NETWORK_CONNECTIONS[sdk=macosx*]" = YES;
				"ENABLE_OUTGOING_NETWORK_CONNECTIONS[sdk=macosx*]" = YES;
				GENERATE_INFOPLIST_FILE = YES;
				INFOPLIST_FILE = "Config/PartyBox-Info.plist";
				"INFOPLIST_KEY_UILaunchScreen_Generation[sdk=appletvos*]" = YES;
				"INFOPLIST_KEY_UILaunchScreen_Generation[sdk=appletvsimulator*]" = YES;
				INFOPLIST_KEY_UIUserInterfaceStyle = Automatic;
				LD_RUNPATH_SEARCH_PATHS = (
					"$(inherited)",
					"@executable_path/Frameworks",
				);
				"LD_RUNPATH_SEARCH_PATHS[sdk=macosx*]" = (
					"$(inherited)",
					"@executable_path/../Frameworks",
				);
				MACOSX_DEPLOYMENT_TARGET = 26.0;
				MARKETING_VERSION = 1.0;
				PRODUCT_BUNDLE_IDENTIFIER = me.haroldmartin.PartyBox;
				PRODUCT_NAME = "$(TARGET_NAME)";
				STRING_CATALOG_GENERATE_SYMBOLS = YES;
				SWIFT_APPROACHABLE_CONCURRENCY = YES;
				SWIFT_DEFAULT_ACTOR_ISOLATION = MainActor;
				SWIFT_EMIT_LOC_STRINGS = YES;
				SWIFT_UPCOMING_FEATURE_MEMBER_IMPORT_VISIBILITY = YES;
				SWIFT_VERSION = 5.0;
				SDKROOT = auto;
				SUPPORTED_PLATFORMS = "appletvos appletvsimulator macosx";
				TARGETED_DEVICE_FAMILY = 3;
				TVOS_DEPLOYMENT_TARGET = 26.0;
			};
			name = Release;
		};
		24B1C9CF30486A7900592BFF /* Debug */ = {
			isa = XCBuildConfiguration;
			buildSettings = {
				BUNDLE_LOADER = "$(TEST_HOST)";
				CODE_SIGN_STYLE = Automatic;
				CURRENT_PROJECT_VERSION = 1;
				GENERATE_INFOPLIST_FILE = YES;
				MARKETING_VERSION = 1.0;
				PRODUCT_BUNDLE_IDENTIFIER = me.haroldmartin.PartyBoxTests;
				PRODUCT_NAME = "$(TARGET_NAME)";
				SDKROOT = auto;
				STRING_CATALOG_GENERATE_SYMBOLS = NO;
				SUPPORTED_PLATFORMS = "appletvos appletvsimulator macosx";
				SWIFT_APPROACHABLE_CONCURRENCY = YES;
				SWIFT_EMIT_LOC_STRINGS = NO;
				SWIFT_UPCOMING_FEATURE_MEMBER_IMPORT_VISIBILITY = YES;
				SWIFT_VERSION = 5.0;
				TARGETED_DEVICE_FAMILY = 3;
				TEST_HOST = "$(BUILT_PRODUCTS_DIR)/PartyBox.app/$(BUNDLE_EXECUTABLE_FOLDER_PATH)/PartyBox";
				MACOSX_DEPLOYMENT_TARGET = 26.0;
				TVOS_DEPLOYMENT_TARGET = 26.0;
			};
			name = Debug;
		};
		24B1C9D030486A7900592BFF /* Release */ = {
			isa = XCBuildConfiguration;
			buildSettings = {
				BUNDLE_LOADER = "$(TEST_HOST)";
				CODE_SIGN_STYLE = Automatic;
				CURRENT_PROJECT_VERSION = 1;
				GENERATE_INFOPLIST_FILE = YES;
				MARKETING_VERSION = 1.0;
				PRODUCT_BUNDLE_IDENTIFIER = me.haroldmartin.PartyBoxTests;
				PRODUCT_NAME = "$(TARGET_NAME)";
				SDKROOT = auto;
				STRING_CATALOG_GENERATE_SYMBOLS = NO;
				SUPPORTED_PLATFORMS = "appletvos appletvsimulator macosx";
				SWIFT_APPROACHABLE_CONCURRENCY = YES;
				SWIFT_EMIT_LOC_STRINGS = NO;
				SWIFT_UPCOMING_FEATURE_MEMBER_IMPORT_VISIBILITY = YES;
				SWIFT_VERSION = 5.0;
				TARGETED_DEVICE_FAMILY = 3;
				TEST_HOST = "$(BUILT_PRODUCTS_DIR)/PartyBox.app/$(BUNDLE_EXECUTABLE_FOLDER_PATH)/PartyBox";
				MACOSX_DEPLOYMENT_TARGET = 26.0;
				TVOS_DEPLOYMENT_TARGET = 26.0;
			};
			name = Release;
		};
		24B1C9D230486A7900592BFF /* Debug */ = {
			isa = XCBuildConfiguration;
			buildSettings = {
				CODE_SIGN_STYLE = Automatic;
				CURRENT_PROJECT_VERSION = 1;
				GENERATE_INFOPLIST_FILE = YES;
				MARKETING_VERSION = 1.0;
				PRODUCT_BUNDLE_IDENTIFIER = me.haroldmartin.PartyBoxUITests;
				PRODUCT_NAME = "$(TARGET_NAME)";
				SDKROOT = auto;
				STRING_CATALOG_GENERATE_SYMBOLS = NO;
				SUPPORTED_PLATFORMS = "appletvos appletvsimulator macosx";
				SWIFT_APPROACHABLE_CONCURRENCY = YES;
				SWIFT_EMIT_LOC_STRINGS = NO;
				SWIFT_UPCOMING_FEATURE_MEMBER_IMPORT_VISIBILITY = YES;
				SWIFT_VERSION = 5.0;
				TARGETED_DEVICE_FAMILY = 3;
				MACOSX_DEPLOYMENT_TARGET = 26.0;
				TVOS_DEPLOYMENT_TARGET = 26.0;
				TEST_TARGET_NAME = PartyBox;
			};
			name = Debug;
		};
		24B1C9D330486A7900592BFF /* Release */ = {
			isa = XCBuildConfiguration;
			buildSettings = {
				CODE_SIGN_STYLE = Automatic;
				CURRENT_PROJECT_VERSION = 1;
				GENERATE_INFOPLIST_FILE = YES;
				MARKETING_VERSION = 1.0;
				PRODUCT_BUNDLE_IDENTIFIER = me.haroldmartin.PartyBoxUITests;
				PRODUCT_NAME = "$(TARGET_NAME)";
				SDKROOT = auto;
				STRING_CATALOG_GENERATE_SYMBOLS = NO;
				SUPPORTED_PLATFORMS = "appletvos appletvsimulator macosx";
				SWIFT_APPROACHABLE_CONCURRENCY = YES;
				SWIFT_EMIT_LOC_STRINGS = NO;
				SWIFT_UPCOMING_FEATURE_MEMBER_IMPORT_VISIBILITY = YES;
				SWIFT_VERSION = 5.0;
				TARGETED_DEVICE_FAMILY = 3;
				MACOSX_DEPLOYMENT_TARGET = 26.0;
				TVOS_DEPLOYMENT_TARGET = 26.0;
				TEST_TARGET_NAME = PartyBox;
			};
			name = Release;
		};
		24B1C9F730486ABA00592BFF /* Debug */ = {
			isa = XCBuildConfiguration;
			buildSettings = {
				ASSETCATALOG_COMPILER_APPICON_NAME = AppIcon;
				ASSETCATALOG_COMPILER_GLOBAL_ACCENT_COLOR_NAME = AccentColor;
				CODE_SIGN_STYLE = Automatic;
				CURRENT_PROJECT_VERSION = 1;
				ENABLE_PREVIEWS = YES;
				GENERATE_INFOPLIST_FILE = YES;
				INFOPLIST_FILE = "Config/PartyBox-Controller-Info.plist";
				INFOPLIST_KEY_UIApplicationSceneManifest_Generation = YES;
				INFOPLIST_KEY_UIApplicationSupportsIndirectInputEvents = YES;
				INFOPLIST_KEY_UILaunchScreen_Generation = YES;
				INFOPLIST_KEY_UISupportedInterfaceOrientations_iPhone = UIInterfaceOrientationPortrait;
				IPHONEOS_DEPLOYMENT_TARGET = 26.0;
				LD_RUNPATH_SEARCH_PATHS = (
					"$(inherited)",
					"@executable_path/Frameworks",
				);
				MARKETING_VERSION = 1.0;
				PRODUCT_BUNDLE_IDENTIFIER = "me.haroldmartin.PartyBox-Controller";
				PRODUCT_NAME = "$(TARGET_NAME)";
				SDKROOT = iphoneos;
				STRING_CATALOG_GENERATE_SYMBOLS = YES;
				SWIFT_APPROACHABLE_CONCURRENCY = YES;
				SWIFT_DEFAULT_ACTOR_ISOLATION = MainActor;
				SWIFT_EMIT_LOC_STRINGS = YES;
				SWIFT_UPCOMING_FEATURE_MEMBER_IMPORT_VISIBILITY = YES;
				SWIFT_VERSION = 5.0;
				TARGETED_DEVICE_FAMILY = 1;
			};
			name = Debug;
		};
		24B1C9F830486ABA00592BFF /* Release */ = {
			isa = XCBuildConfiguration;
			buildSettings = {
				ASSETCATALOG_COMPILER_APPICON_NAME = AppIcon;
				ASSETCATALOG_COMPILER_GLOBAL_ACCENT_COLOR_NAME = AccentColor;
				CODE_SIGN_STYLE = Automatic;
				CURRENT_PROJECT_VERSION = 1;
				ENABLE_PREVIEWS = YES;
				GENERATE_INFOPLIST_FILE = YES;
				INFOPLIST_FILE = "Config/PartyBox-Controller-Info.plist";
				INFOPLIST_KEY_UIApplicationSceneManifest_Generation = YES;
				INFOPLIST_KEY_UIApplicationSupportsIndirectInputEvents = YES;
				INFOPLIST_KEY_UILaunchScreen_Generation = YES;
				INFOPLIST_KEY_UISupportedInterfaceOrientations_iPhone = UIInterfaceOrientationPortrait;
				IPHONEOS_DEPLOYMENT_TARGET = 26.0;
				LD_RUNPATH_SEARCH_PATHS = (
					"$(inherited)",
					"@executable_path/Frameworks",
				);
				MARKETING_VERSION = 1.0;
				PRODUCT_BUNDLE_IDENTIFIER = "me.haroldmartin.PartyBox-Controller";
				PRODUCT_NAME = "$(TARGET_NAME)";
				SDKROOT = iphoneos;
				STRING_CATALOG_GENERATE_SYMBOLS = YES;
				SWIFT_APPROACHABLE_CONCURRENCY = YES;
				SWIFT_DEFAULT_ACTOR_ISOLATION = MainActor;
				SWIFT_EMIT_LOC_STRINGS = YES;
				SWIFT_UPCOMING_FEATURE_MEMBER_IMPORT_VISIBILITY = YES;
				SWIFT_VERSION = 5.0;
				TARGETED_DEVICE_FAMILY = 1;
			};
			name = Release;
		};
		24B1C9FA30486ABA00592BFF /* Debug */ = {
			isa = XCBuildConfiguration;
			buildSettings = {
				BUNDLE_LOADER = "$(TEST_HOST)";
				CODE_SIGN_STYLE = Automatic;
				CURRENT_PROJECT_VERSION = 1;
				GENERATE_INFOPLIST_FILE = YES;
				IPHONEOS_DEPLOYMENT_TARGET = 26.2;
				MARKETING_VERSION = 1.0;
				PRODUCT_BUNDLE_IDENTIFIER = "me.haroldmartin.PartyBox-ControllerTests";
				PRODUCT_NAME = "$(TARGET_NAME)";
				SDKROOT = iphoneos;
				STRING_CATALOG_GENERATE_SYMBOLS = NO;
				SWIFT_APPROACHABLE_CONCURRENCY = YES;
				SWIFT_EMIT_LOC_STRINGS = NO;
				SWIFT_UPCOMING_FEATURE_MEMBER_IMPORT_VISIBILITY = YES;
				SWIFT_VERSION = 5.0;
				TARGETED_DEVICE_FAMILY = "1,2";
				TEST_HOST = "$(BUILT_PRODUCTS_DIR)/PartyBox Controller.app/$(BUNDLE_EXECUTABLE_FOLDER_PATH)/PartyBox Controller";
			};
			name = Debug;
		};
		24B1C9FB30486ABA00592BFF /* Release */ = {
			isa = XCBuildConfiguration;
			buildSettings = {
				BUNDLE_LOADER = "$(TEST_HOST)";
				CODE_SIGN_STYLE = Automatic;
				CURRENT_PROJECT_VERSION = 1;
				GENERATE_INFOPLIST_FILE = YES;
				IPHONEOS_DEPLOYMENT_TARGET = 26.2;
				MARKETING_VERSION = 1.0;
				PRODUCT_BUNDLE_IDENTIFIER = "me.haroldmartin.PartyBox-ControllerTests";
				PRODUCT_NAME = "$(TARGET_NAME)";
				SDKROOT = iphoneos;
				STRING_CATALOG_GENERATE_SYMBOLS = NO;
				SWIFT_APPROACHABLE_CONCURRENCY = YES;
				SWIFT_EMIT_LOC_STRINGS = NO;
				SWIFT_UPCOMING_FEATURE_MEMBER_IMPORT_VISIBILITY = YES;
				SWIFT_VERSION = 5.0;
				TARGETED_DEVICE_FAMILY = "1,2";
				TEST_HOST = "$(BUILT_PRODUCTS_DIR)/PartyBox Controller.app/$(BUNDLE_EXECUTABLE_FOLDER_PATH)/PartyBox Controller";
			};
			name = Release;
		};
		24B1C9FD30486ABA00592BFF /* Debug */ = {
			isa = XCBuildConfiguration;
			buildSettings = {
				CODE_SIGN_STYLE = Automatic;
				CURRENT_PROJECT_VERSION = 1;
				GENERATE_INFOPLIST_FILE = YES;
				IPHONEOS_DEPLOYMENT_TARGET = 26.2;
				MARKETING_VERSION = 1.0;
				PRODUCT_BUNDLE_IDENTIFIER = "me.haroldmartin.PartyBox-ControllerUITests";
				PRODUCT_NAME = "$(TARGET_NAME)";
				SDKROOT = iphoneos;
				STRING_CATALOG_GENERATE_SYMBOLS = NO;
				SWIFT_APPROACHABLE_CONCURRENCY = YES;
				SWIFT_EMIT_LOC_STRINGS = NO;
				SWIFT_UPCOMING_FEATURE_MEMBER_IMPORT_VISIBILITY = YES;
				SWIFT_VERSION = 5.0;
				TARGETED_DEVICE_FAMILY = "1,2";
				TEST_TARGET_NAME = "PartyBox Controller";
			};
			name = Debug;
		};
		24B1C9FE30486ABA00592BFF /* Release */ = {
			isa = XCBuildConfiguration;
			buildSettings = {
				CODE_SIGN_STYLE = Automatic;
				CURRENT_PROJECT_VERSION = 1;
				GENERATE_INFOPLIST_FILE = YES;
				IPHONEOS_DEPLOYMENT_TARGET = 26.2;
				MARKETING_VERSION = 1.0;
				PRODUCT_BUNDLE_IDENTIFIER = "me.haroldmartin.PartyBox-ControllerUITests";
				PRODUCT_NAME = "$(TARGET_NAME)";
				SDKROOT = iphoneos;
				STRING_CATALOG_GENERATE_SYMBOLS = NO;
				SWIFT_APPROACHABLE_CONCURRENCY = YES;
				SWIFT_EMIT_LOC_STRINGS = NO;
				SWIFT_UPCOMING_FEATURE_MEMBER_IMPORT_VISIBILITY = YES;
				SWIFT_VERSION = 5.0;
				TARGETED_DEVICE_FAMILY = "1,2";
				TEST_TARGET_NAME = "PartyBox Controller";
			};
			name = Release;
		};
/* End XCBuildConfiguration section */

/* Begin XCConfigurationList section */
		24B1C9A530486A7700592BFF /* Build configuration list for PBXProject "PartyBox" */ = {
			isa = XCConfigurationList;
			buildConfigurations = (
				24B1C9C930486A7900592BFF /* Debug */,
				24B1C9CA30486A7900592BFF /* Release */,
			);
			defaultConfigurationIsVisible = 0;
			defaultConfigurationName = Release;
		};
		24B1C9CB30486A7900592BFF /* Build configuration list for PBXNativeTarget "PartyBox" */ = {
			isa = XCConfigurationList;
			buildConfigurations = (
				24B1C9CC30486A7900592BFF /* Debug */,
				24B1C9CD30486A7900592BFF /* Release */,
			);
			defaultConfigurationIsVisible = 0;
			defaultConfigurationName = Release;
		};
		24B1C9CE30486A7900592BFF /* Build configuration list for PBXNativeTarget "PartyBoxTests" */ = {
			isa = XCConfigurationList;
			buildConfigurations = (
				24B1C9CF30486A7900592BFF /* Debug */,
				24B1C9D030486A7900592BFF /* Release */,
			);
			defaultConfigurationIsVisible = 0;
			defaultConfigurationName = Release;
		};
		24B1C9D130486A7900592BFF /* Build configuration list for PBXNativeTarget "PartyBoxUITests" */ = {
			isa = XCConfigurationList;
			buildConfigurations = (
				24B1C9D230486A7900592BFF /* Debug */,
				24B1C9D330486A7900592BFF /* Release */,
			);
			defaultConfigurationIsVisible = 0;
			defaultConfigurationName = Release;
		};
		24B1C9F630486ABA00592BFF /* Build configuration list for PBXNativeTarget "PartyBox Controller" */ = {
			isa = XCConfigurationList;
			buildConfigurations = (
				24B1C9F730486ABA00592BFF /* Debug */,
				24B1C9F830486ABA00592BFF /* Release */,
			);
			defaultConfigurationIsVisible = 0;
			defaultConfigurationName = Release;
		};
		24B1C9F930486ABA00592BFF /* Build configuration list for PBXNativeTarget "PartyBox ControllerTests" */ = {
			isa = XCConfigurationList;
			buildConfigurations = (
				24B1C9FA30486ABA00592BFF /* Debug */,
				24B1C9FB30486ABA00592BFF /* Release */,
			);
			defaultConfigurationIsVisible = 0;
			defaultConfigurationName = Release;
		};
		24B1C9FC30486ABA00592BFF /* Build configuration list for PBXNativeTarget "PartyBox ControllerUITests" */ = {
			isa = XCConfigurationList;
			buildConfigurations = (
				24B1C9FD30486ABA00592BFF /* Debug */,
				24B1C9FE30486ABA00592BFF /* Release */,
			);
			defaultConfigurationIsVisible = 0;
			defaultConfigurationName = Release;
		};
/* End XCConfigurationList section */

/* Begin XCLocalSwiftPackageReference section */
		24B1CA0230486B0000592BFF /* XCLocalSwiftPackageReference "PartyNet" */ = {
			isa = XCLocalSwiftPackageReference;
			relativePath = PartyNet;
		};
/* End XCLocalSwiftPackageReference section */

/* Begin XCSwiftPackageProductDependency section */
		24B1CA0330486B0000592BFF /* PartyNet */ = {
			isa = XCSwiftPackageProductDependency;
			productName = PartyNet;
		};
		24B1CA0430486B0000592BFF /* PartyNet */ = {
			isa = XCSwiftPackageProductDependency;
			productName = PartyNet;
		};
/* End XCSwiftPackageProductDependency section */
	};
	rootObject = 24B1C9A230486A7700592BFF /* Project object */;
}
